
Microsoft Visual Studio Solution File, Format Version 12.00
# Visual Studio 2013
VisualStudioVersion = 12.0.31101.0
MinimumVisualStudioVersion = 10.0.40219.1
Project("{FAE04EC0-301F-11D3-BF4B-00C04F79EFBC}") = "SimpleAds", "SimpleAds\SimpleAds.csproj", "{A2649E48-36FA-4884-A576-682852A68567}"
EndProject
Project("{FAE04EC0-301F-11D3-BF4B-00C04F79EFBC}") = "SimpleAds.Data", "SimpleAds.Data\SimpleAds.Data.csproj", "{D4F33BCC-A40C-4315-B59A-F15D9006375C}"
EndProject
Global
	GlobalSection(SolutionConfigurationPlatforms) = preSolution
		Debug|Any CPU = Debug|Any CPU
		Release|Any CPU = Release|Any CPU
	EndGlobalSection
	GlobalSection(ProjectConfigurationPlatforms) = postSolution
		{A2649E48-36FA-4884-A576-682852A68567}.Debug|Any CPU.ActiveCfg = Debug|Any CPU
		{A2649E48-36FA-4884-A576-682852A68567}.Debug|Any CPU.Build.0 = Debug|Any CPU
		{A2649E48-36FA-4884-A576-682852A68567}.Release|Any CPU.ActiveCfg = Release|Any CPU
		{A2649E48-36FA-4884-A576-682852A68567}.Release|Any CPU.Build.0 = Release|Any CPU
		{D4F33BCC-A40C-4315-B59A-F15D9006375C}.Debug|Any CPU.ActiveCfg = Debug|Any CPU
		{D4F33BCC-A40C-4315-B59A-F15D9006375C}.Debug|Any CPU.Build.0 = Debug|Any CPU
		{D4F33BCC-A40C-4315-B59A-F15D9006375C}.Release|Any CPU.ActiveCfg = Release|Any CPU
		{D4F33BCC-A40C-4315-B59A-F15D9006375C}.Release|Any CPU.Build.0 = Release|Any CPU
	EndGlobalSection
	GlobalSection(SolutionProperties) = preSolution
		HideSolutionNode = FALSE
	EndGlobalSection
EndGlobal
